
Microsoft Visual Studio Solution File, Format Version 12.00
# Visual Studio Version 17
VisualStudioVersion = 17.1.32407.343
MinimumVisualStudioVersion = 10.0.40219.1
Project("{FAE04EC0-301F-11D3-BF4B-00C04F79EFBC}") = "BlogSite.Core", "BlogSite.Core\BlogSite.Core.csproj", "{F513AFC4-427D-483E-B403-A03C19A77618}"
EndProject
Project("{FAE04EC0-301F-11D3-BF4B-00C04F79EFBC}") = "BlogSite.Repository", "BlogSite.Repository\BlogSite.Repository.csproj", "{43922D49-8649-4AD7-A589-A1CA7FD1603C}"
EndProject
Project("{FAE04EC0-301F-11D3-BF4B-00C04F79EFBC}") = "BlogSite.Service", "BlogSite.Service\BlogSite.Service.csproj", "{BEF18CD0-D048-4DDE-98A6-C81EBEF6B3D3}"
EndProject
Project("{FAE04EC0-301F-11D3-BF4B-00C04F79EFBC}") = "BlogSite.WebAPI", "BlogSite.WebAPI\BlogSite.WebAPI.csproj", "{5295E285-6FA7-4802-846E-C9BDE0F313B8}"
EndProject
Global
	GlobalSection(SolutionConfigurationPlatforms) = preSolution
		Debug|Any CPU = Debug|Any CPU
		Release|Any CPU = Release|Any CPU
	EndGlobalSection
	GlobalSection(ProjectConfigurationPlatforms) = postSolution
		{F513AFC4-427D-483E-B403-A03C19A77618}.Debug|Any CPU.ActiveCfg = Debug|Any CPU
		{F513AFC4-427D-483E-B403-A03C19A77618}.Debug|Any CPU.Build.0 = Debug|Any CPU
		{F513AFC4-427D-483E-B403-A03C19A77618}.Release|Any CPU.ActiveCfg = Release|Any CPU
		{F513AFC4-427D-483E-B403-A03C19A77618}.Release|Any CPU.Build.0 = Release|Any CPU
		{43922D49-8649-4AD7-A589-A1CA7FD1603C}.Debug|Any CPU.ActiveCfg = Debug|Any CPU
		{43922D49-8649-4AD7-A589-A1CA7FD1603C}.Debug|Any CPU.Build.0 = Debug|Any CPU
		{43922D49-8649-4AD7-A589-A1CA7FD1603C}.Release|Any CPU.ActiveCfg = Release|Any CPU
		{43922D49-8649-4AD7-A589-A1CA7FD1603C}.Release|Any CPU.Build.0 = Release|Any CPU
		{BEF18CD0-D048-4DDE-98A6-C81EBEF6B3D3}.Debug|Any CPU.ActiveCfg = Debug|Any CPU
		{BEF18CD0-D048-4DDE-98A6-C81EBEF6B3D3}.Debug|Any CPU.Build.0 = Debug|Any CPU
		{BEF18CD0-D048-4DDE-98A6-C81EBEF6B3D3}.Release|Any CPU.ActiveCfg = Release|Any CPU
		{BEF18CD0-D048-4DDE-98A6-C81EBEF6B3D3}.Release|Any CPU.Build.0 = Release|Any CPU
		{5295E285-6FA7-4802-846E-C9BDE0F313B8}.Debug|Any CPU.ActiveCfg = Debug|Any CPU
		{5295E285-6FA7-4802-846E-C9BDE0F313B8}.Debug|Any CPU.Build.0 = Debug|Any CPU
		{5295E285-6FA7-4802-846E-C9BDE0F313B8}.Release|Any CPU.ActiveCfg = Release|Any CPU
		{5295E285-6FA7-4802-846E-C9BDE0F313B8}.Release|Any CPU.Build.0 = Release|Any CPU
	EndGlobalSection
	GlobalSection(SolutionProperties) = preSolution
		HideSolutionNode = FALSE
	EndGlobalSection
	GlobalSection(ExtensibilityGlobals) = postSolution
		SolutionGuid = {F0357E64-9BE6-437B-BA73-FBDD7DC0E620}
	EndGlobalSection
EndGlobal
